
Microsoft Visual Studio Solution File, Format Version 12.00
# Visual Studio 15
VisualStudioVersion = 15.0.28307.1231
MinimumVisualStudioVersion = 10.0.40219.1
Project("{FAE04EC0-301F-11D3-BF4B-00C04F79EFBC}") = "Dictionary", "Dictionary\Dictionary.csproj", "{20175AE1-C705-4F47-8B82-B9BD56D2F564}"
EndProject
Global
	GlobalSection(SolutionConfigurationPlatforms) = preSolution
		Debug|Any CPU = Debug|Any CPU
		Release|Any CPU = Release|Any CPU
	EndGlobalSection
	GlobalSection(ProjectConfigurationPlatforms) = postSolution
		{20175AE1-C705-4F47-8B82-B9BD56D2F564}.Debug|Any CPU.ActiveCfg = Debug|Any CPU
		{20175AE1-C705-4F47-8B82-B9BD56D2F564}.Debug|Any CPU.Build.0 = Debug|Any CPU
		{20175AE1-C705-4F47-8B82-B9BD56D2F564}.Release|Any CPU.ActiveCfg = Release|Any CPU
		{20175AE1-C705-4F47-8B82-B9BD56D2F564}.Release|Any CPU.Build.0 = Release|Any CPU
	EndGlobalSection
	GlobalSection(SolutionProperties) = preSolution
		HideSolutionNode = FALSE
	EndGlobalSection
	GlobalSection(ExtensibilityGlobals) = postSolution
		SolutionGuid = {95BBEF5B-12F2-43B0-8F7C-9960F78763EF}
	EndGlobalSection
EndGlobal
